{
  "name": "yiff_api",
  "version": "2.0.4-hotflix",
  "lockfileVersion": 1,
  "requires": true,
  "dependencies": {
    "miniget": {
      "version": "4.2.1",
      "resolved": "https://registry.npmjs.org/miniget/-/miniget-4.2.1.tgz",
      "integrity": "sha512-O/DduzDR6f+oDtVype9S/Qu5hhnx73EDYGyZKwU/qN82lehFZdfhoa4DT51SpsO+8epYrB3gcRmws56ROfTIoQ=="
    },
    "node-fetch": {
      "version": "2.6.1",
      "resolved": "https://registry.npmjs.org/node-fetch/-/node-fetch-2.6.1.tgz",
      "integrity": "sha512-V4aYg89jEoVRxRb2fJdAg8FHvI7cEyYdVAh94HH0UIK8oJxUfkjlDQN9RbMx+bEjP7+ggMiFRprSti032Oipxw=="
    },
    "yiffy": {
      "version": "2.0.14",
      "resolved": "https://registry.npmjs.org/yiffy/-/yiffy-2.0.14.tgz",
      "integrity": "sha512-IjB36aT9WKAEGUBO0e8AmvP9PNAF/97GeNhm0LkKpg7/8+NeO5zUdDSmrW52cf3KR56TH0+BZ6l4Met18D4EnQ=="
    }
  }
}
